
Microsoft Visual Studio Solution File, Format Version 12.00
# Visual Studio Version 16
VisualStudioVersion = 16.0.31702.278
MinimumVisualStudioVersion = 10.0.40219.1
Project("{FAE04EC0-301F-11D3-BF4B-00C04F79EFBC}") = "EpiserverTesting", "EpiserverTesting\EpiserverTesting.csproj", "{4E647768-F822-4B90-AA69-DCE6172D9664}"
EndProject
Project("{FAE04EC0-301F-11D3-BF4B-00C04F79EFBC}") = "AlloyTraining", "AlloyTraining\AlloyTraining.csproj", "{37493E62-B1D3-4495-8D37-0A9A59308A7B}"
EndProject
Project("{FAE04EC0-301F-11D3-BF4B-00C04F79EFBC}") = "AlloyAdvanced", "AlloyAdvanced\AlloyAdvanced.csproj", "{76B2A115-2371-4A23-80CE-3700EAA96399}"
EndProject
Global
	GlobalSection(SolutionConfigurationPlatforms) = preSolution
		Debug|Any CPU = Debug|Any CPU
		Release|Any CPU = Release|Any CPU
	EndGlobalSection
	GlobalSection(ProjectConfigurationPlatforms) = postSolution
		{4E647768-F822-4B90-AA69-DCE6172D9664}.Debug|Any CPU.ActiveCfg = Debug|Any CPU
		{4E647768-F822-4B90-AA69-DCE6172D9664}.Debug|Any CPU.Build.0 = Debug|Any CPU
		{4E647768-F822-4B90-AA69-DCE6172D9664}.Release|Any CPU.ActiveCfg = Release|Any CPU
		{4E647768-F822-4B90-AA69-DCE6172D9664}.Release|Any CPU.Build.0 = Release|Any CPU
		{37493E62-B1D3-4495-8D37-0A9A59308A7B}.Debug|Any CPU.ActiveCfg = Debug|Any CPU
		{37493E62-B1D3-4495-8D37-0A9A59308A7B}.Debug|Any CPU.Build.0 = Debug|Any CPU
		{37493E62-B1D3-4495-8D37-0A9A59308A7B}.Release|Any CPU.ActiveCfg = Release|Any CPU
		{37493E62-B1D3-4495-8D37-0A9A59308A7B}.Release|Any CPU.Build.0 = Release|Any CPU
		{76B2A115-2371-4A23-80CE-3700EAA96399}.Debug|Any CPU.ActiveCfg = Debug|Any CPU
		{76B2A115-2371-4A23-80CE-3700EAA96399}.Debug|Any CPU.Build.0 = Debug|Any CPU
		{76B2A115-2371-4A23-80CE-3700EAA96399}.Release|Any CPU.ActiveCfg = Release|Any CPU
		{76B2A115-2371-4A23-80CE-3700EAA96399}.Release|Any CPU.Build.0 = Release|Any CPU
	EndGlobalSection
	GlobalSection(SolutionProperties) = preSolution
		HideSolutionNode = FALSE
	EndGlobalSection
	GlobalSection(ExtensibilityGlobals) = postSolution
		SolutionGuid = {7B2BFC0D-9CE7-4A38-AB1E-8CAB4F34CF49}
	EndGlobalSection
EndGlobal
